
Microsoft Visual Studio Solution File, Format Version 12.00
# Visual Studio Version 17
VisualStudioVersion = 17.2.32505.173
MinimumVisualStudioVersion = 10.0.40219.1
Project("{FAE04EC0-301F-11D3-BF4B-00C04F79EFBC}") = "TriviaGame", "TriviaGame\TriviaGame.csproj", "{D01F98D9-AC28-4D38-AEA2-F6D5DFA82B30}"
EndProject
Global
	GlobalSection(SolutionConfigurationPlatforms) = preSolution
		Debug|Any CPU = Debug|Any CPU
		Release|Any CPU = Release|Any CPU
	EndGlobalSection
	GlobalSection(ProjectConfigurationPlatforms) = postSolution
		{D01F98D9-AC28-4D38-AEA2-F6D5DFA82B30}.Debug|Any CPU.ActiveCfg = Debug|Any CPU
		{D01F98D9-AC28-4D38-AEA2-F6D5DFA82B30}.Debug|Any CPU.Build.0 = Debug|Any CPU
		{D01F98D9-AC28-4D38-AEA2-F6D5DFA82B30}.Release|Any CPU.ActiveCfg = Release|Any CPU
		{D01F98D9-AC28-4D38-AEA2-F6D5DFA82B30}.Release|Any CPU.Build.0 = Release|Any CPU
	EndGlobalSection
	GlobalSection(SolutionProperties) = preSolution
		HideSolutionNode = FALSE
	EndGlobalSection
	GlobalSection(ExtensibilityGlobals) = postSolution
		SolutionGuid = {02FC391C-3B08-450A-B0C1-75B617A8657A}
	EndGlobalSection
EndGlobal
